
Microsoft Visual Studio Solution File, Format Version 12.00
# Visual Studio Version 17
VisualStudioVersion = 17.5.002.0
MinimumVisualStudioVersion = 10.0.40219.1
Project("{9A19103F-16F7-4668-BE54-9A1E7A4F7556}") = "HUBTSOCIAL", "HUBTSOCIAL.csproj", "{86E79167-E178-44E7-959A-BB4E7578817C}"
EndProject
Global
	GlobalSection(SolutionConfigurationPlatforms) = preSolution
		Debug|Any CPU = Debug|Any CPU
		Release|Any CPU = Release|Any CPU
	EndGlobalSection
	GlobalSection(ProjectConfigurationPlatforms) = postSolution
		{86E79167-E178-44E7-959A-BB4E7578817C}.Debug|Any CPU.ActiveCfg = Debug|Any CPU
		{86E79167-E178-44E7-959A-BB4E7578817C}.Debug|Any CPU.Build.0 = Debug|Any CPU
		{86E79167-E178-44E7-959A-BB4E7578817C}.Release|Any CPU.ActiveCfg = Release|Any CPU
		{86E79167-E178-44E7-959A-BB4E7578817C}.Release|Any CPU.Build.0 = Release|Any CPU
	EndGlobalSection
	GlobalSection(SolutionProperties) = preSolution
		HideSolutionNode = FALSE
	EndGlobalSection
	GlobalSection(ExtensibilityGlobals) = postSolution
		SolutionGuid = {765345D5-BCD5-41CF-BCE1-76B019FD652B}
	EndGlobalSection
EndGlobal
